
Microsoft Visual Studio Solution File, Format Version 12.00
# Visual Studio Version 17
VisualStudioVersion = 17.6.33815.320
MinimumVisualStudioVersion = 10.0.40219.1
Project("{FAE04EC0-301F-11D3-BF4B-00C04F79EFBC}") = "MtkClientC", "MtkClientC\MtkClientC.csproj", "{6FFD7084-9699-419B-9527-4ED37990831E}"
EndProject
Global
	GlobalSection(SolutionConfigurationPlatforms) = preSolution
		Debug|Any CPU = Debug|Any CPU
		Release|Any CPU = Release|Any CPU
	EndGlobalSection
	GlobalSection(ProjectConfigurationPlatforms) = postSolution
		{6FFD7084-9699-419B-9527-4ED37990831E}.Debug|Any CPU.ActiveCfg = Debug|Any CPU
		{6FFD7084-9699-419B-9527-4ED37990831E}.Debug|Any CPU.Build.0 = Debug|Any CPU
		{6FFD7084-9699-419B-9527-4ED37990831E}.Release|Any CPU.ActiveCfg = Release|Any CPU
		{6FFD7084-9699-419B-9527-4ED37990831E}.Release|Any CPU.Build.0 = Release|Any CPU
	EndGlobalSection
	GlobalSection(SolutionProperties) = preSolution
		HideSolutionNode = FALSE
	EndGlobalSection
	GlobalSection(ExtensibilityGlobals) = postSolution
		SolutionGuid = {6E3FBA16-F110-4532-8BA1-2F2493AFEE7D}
	EndGlobalSection
EndGlobal
